github.com/budougumi0617/sandbox-cloud-functions v0.0.0-20190120014012-1a003374e59a h1:tyCsp4dzbo9G02Ozj3qDjG20y9UWnYNn8Ixs9RLeUK8=
golang.org/x/tools v0.0.0-20190121143147-24cd39ecf745 h1:aGoTCTvIjOOSnuAeiybrXAIbqAuPVB4DvRXlCrKT02s=
golang.org/x/tools v0.0.0-20190121143147-24cd39ecf745/go.mod h1:n7NCudcB/nEzxVGmLbDWY5pfWTLqBcC2KZ6jyYvM4mQ=
